
Microsoft Visual Studio Solution File, Format Version 12.00
Project("{FAE04EC0-301F-11D3-BF4B-00C04F79EFBC}") = "NPVCalculatorAPI", "NPVCalculatorAPI\NPVCalculatorAPI.csproj", "{2E0DCB99-484D-4CB2-BAF7-31752D943617}"
EndProject
Project("{FAE04EC0-301F-11D3-BF4B-00C04F79EFBC}") = "NPVCalculatorFunction", "NPVCalculatorFunction\NPVCalculatorFunction.csproj", "{04BC1F26-4A20-456A-8003-ED8FDE89C2AD}"
EndProject
Project("{FAE04EC0-301F-11D3-BF4B-00C04F79EFBC}") = "NPVCalculatorFunction.Tests", "NPVCalculatorFunction.Tests\NPVCalculatorFunction.Tests.csproj", "{943C3035-7AE3-4DC7-8221-927873CED60D}"
EndProject
Global
	GlobalSection(SolutionConfigurationPlatforms) = preSolution
		Debug|Any CPU = Debug|Any CPU
		Release|Any CPU = Release|Any CPU
	EndGlobalSection
	GlobalSection(ProjectConfigurationPlatforms) = postSolution
		{2E0DCB99-484D-4CB2-BAF7-31752D943617}.Debug|Any CPU.ActiveCfg = Debug|Any CPU
		{2E0DCB99-484D-4CB2-BAF7-31752D943617}.Debug|Any CPU.Build.0 = Debug|Any CPU
		{2E0DCB99-484D-4CB2-BAF7-31752D943617}.Release|Any CPU.ActiveCfg = Release|Any CPU
		{2E0DCB99-484D-4CB2-BAF7-31752D943617}.Release|Any CPU.Build.0 = Release|Any CPU
		{04BC1F26-4A20-456A-8003-ED8FDE89C2AD}.Debug|Any CPU.ActiveCfg = Debug|Any CPU
		{04BC1F26-4A20-456A-8003-ED8FDE89C2AD}.Debug|Any CPU.Build.0 = Debug|Any CPU
		{04BC1F26-4A20-456A-8003-ED8FDE89C2AD}.Release|Any CPU.ActiveCfg = Release|Any CPU
		{04BC1F26-4A20-456A-8003-ED8FDE89C2AD}.Release|Any CPU.Build.0 = Release|Any CPU
		{943C3035-7AE3-4DC7-8221-927873CED60D}.Debug|Any CPU.ActiveCfg = Debug|Any CPU
		{943C3035-7AE3-4DC7-8221-927873CED60D}.Debug|Any CPU.Build.0 = Debug|Any CPU
		{943C3035-7AE3-4DC7-8221-927873CED60D}.Release|Any CPU.ActiveCfg = Release|Any CPU
		{943C3035-7AE3-4DC7-8221-927873CED60D}.Release|Any CPU.Build.0 = Release|Any CPU
	EndGlobalSection
EndGlobal
